// !$*UTF8*$!
{
	archiveVersion = 1;
	classes = {
	};
	objectVersion = 46;
	objects = {

/* Begin PBXBuildFile section */
		0308265E1E2F43FF00434861 /* AppDelegate.swift in Sources */ = {isa = PBXBuildFile; fileRef = 0308265D1E2F43FF00434861 /* AppDelegate.swift */; };
		030826601E2F43FF00434861 /* ViewController.swift in Sources */ = {isa = PBXBuildFile; fileRef = 0308265F1E2F43FF00434861 /* ViewController.swift */; };
		030826631E2F43FF00434861 /* Main.storyboard in Resources */ = {isa = PBXBuildFile; fileRef = 030826611E2F43FF00434861 /* Main.storyboard */; };
		030826651E2F43FF00434861 /* Assets.xcassets in Resources */ = {isa = PBXBuildFile; fileRef = 030826641E2F43FF00434861 /* Assets.xcassets */; };
		030826681E2F43FF00434861 /* LaunchScreen.storyboard in Resources */ = {isa = PBXBuildFile; fileRef = 030826661E2F43FF00434861 /* LaunchScreen.storyboard */; };
		030826721E2F446100434861 /* board.png in Resources */ = {isa = PBXBuildFile; fileRef = 0308266F1E2F446100434861 /* board.png */; };
		030826731E2F446100434861 /* cross.png in Resources */ = {isa = PBXBuildFile; fileRef = 030826701E2F446100434861 /* cross.png */; };
		030826741E2F446100434861 /* nought.png in Resources */ = {isa = PBXBuildFile; fileRef = 030826711E2F446100434861 /* nought.png */; };
/* End PBXBuildFile section */

/* Begin PBXFileReference section */
		0308265A1E2F43FF00434861 /* TicTacToe.app */ = {isa = PBXFileReference; explicitFileType = wrapper.application; includeInIndex = 0; path = TicTacToe.app; sourceTree = BUILT_PRODUCTS_DIR; };
		0308265D1E2F43FF00434861 /* AppDelegate.swift */ = {isa = PBXFileReference; lastKnownFileType = sourcecode.swift; path = AppDelegate.swift; sourceTree = "<group>"; };
		0308265F1E2F43FF00434861 /* ViewController.swift */ = {isa = PBXFileReference; lastKnownFileType = sourcecode.swift; path = ViewController.swift; sourceTree = "<group>"; };
		030826621E2F43FF00434861 /* Base */ = {isa = PBXFileReference; lastKnownFileType = file.storyboard; name = Base; path = Base.lproj/Main.storyboard; sourceTree = "<group>"; };
		030826641E2F43FF00434861 /* Assets.xcassets */ = {isa = PBXFileReference; lastKnownFileType = folder.assetcatalog; path = Assets.xcassets; sourceTree = "<group>"; };
		030826671E2F43FF00434861 /* Base */ = {isa = PBXFileReference; lastKnownFileType = file.storyboard; name = Base; path = Base.lproj/LaunchScreen.storyboard; sourceTree = "<group>"; };
		030826691E2F43FF00434861 /* Info.plist */ = {isa = PBXFileReference; lastKnownFileType = text.plist.xml; path = Info.plist; sourceTree = "<group>"; };
		0308266F1E2F446100434861 /* board.png */ = {isa = PBXFileReference; lastKnownFileType = image.png; path = board.png; sourceTree = "<group>"; };
		030826701E2F446100434861 /* cross.png */ = {isa = PBXFileReference; lastKnownFileType = image.png; path = cross.png; sourceTree = "<group>"; };
		030826711E2F446100434861 /* nought.png */ = {isa = PBXFileReference; lastKnownFileType = image.png; path = nought.png; sourceTree = "<group>"; };
/* End PBXFileReference section */

/* Begin PBXFrameworksBuildPhase section */
		030826571E2F43FE00434861 /* Frameworks */ = {
			isa = PBXFrameworksBuildPhase;
			buildActionMask = 2147483647;
			files = (
			);
			runOnlyForDeploymentPostprocessing = 0;
		};
/* End PBXFrameworksBuildPhase section */

/* Begin PBXGroup section */
		030826511E2F43FE00434861 = {
			isa = PBXGroup;
			children = (
				0308265C1E2F43FF00434861 /* TicTacToe */,
				0308265B1E2F43FF00434861 /* Products */,
			);
			sourceTree = "<group>";
		};
		0308265B1E2F43FF00434861 /* Products */ = {
			isa = PBXGroup;
			children = (
				0308265A1E2F43FF00434861 /* TicTacToe.app */,
			);
			name = Products;
			sourceTree = "<group>";
		};
		0308265C1E2F43FF00434861 /* TicTacToe */ = {
			isa = PBXGroup;
			children = (
				0308265D1E2F43FF00434861 /* AppDelegate.swift */,
				0308265F1E2F43FF00434861 /* ViewController.swift */,
				030826611E2F43FF00434861 /* Main.storyboard */,
				030826641E2F43FF00434861 /* Assets.xcassets */,
				030826661E2F43FF00434861 /* LaunchScreen.storyboard */,
				030826691E2F43FF00434861 /* Info.plist */,
				0308266F1E2F446100434861 /* board.png */,
				030826701E2F446100434861 /* cross.png */,
				030826711E2F446100434861 /* nought.png */,
			);
			path = TicTacToe;
			sourceTree = "<group>";
		};
/* End PBXGroup section */

/* Begin PBXNativeTarget section */
		030826591E2F43FE00434861 /* TicTacToe */ = {
			isa = PBXNativeTarget;
			buildConfigurationList = 0308266C1E2F43FF00434861 /* Build configuration list for PBXNativeTarget "TicTacToe" */;
			buildPhases = (
				030826561E2F43FE00434861 /* Sources */,
				030826571E2F43FE00434861 /* Frameworks */,
				030826581E2F43FE00434861 /* Resources */,
			);
			buildRules = (
			);
			dependencies = (
			);
			name = TicTacToe;
			productName = TicTacToe;
			productReference = 0308265A1E2F43FF00434861 /* TicTacToe.app */;
			productType = "com.apple.product-type.application";
		};
/* End PBXNativeTarget section */

/* Begin PBXProject section */
		030826521E2F43FE00434861 /* Project object */ = {
			isa = PBXProject;
			attributes = {
				LastSwiftUpdateCheck = 0820;
				LastUpgradeCheck = 0820;
				ORGANIZATIONNAME = vsv;
				TargetAttributes = {
					030826591E2F43FE00434861 = {
						CreatedOnToolsVersion = 8.2.1;
						ProvisioningStyle = Automatic;
					};
				};
			};
			buildConfigurationList = 030826551E2F43FE00434861 /* Build configuration list for PBXProject "TicTacToe" */;
			compatibilityVersion = "Xcode 3.2";
			developmentRegion = English;
			hasScannedForEncodings = 0;
			knownRegions = (
				en,
				Base,
			);
			mainGroup = 030826511E2F43FE00434861;
			productRefGroup = 0308265B1E2F43FF00434861 /* Products */;
			projectDirPath = "";
			projectRoot = "";
			targets = (
				030826591E2F43FE00434861 /* TicTacToe */,
			);
		};
/* End PBXProject section */

/* Begin PBXResourcesBuildPhase section */
		030826581E2F43FE00434861 /* Resources */ = {
			isa = PBXResourcesBuildPhase;
			buildActionMask = 2147483647;
			files = (
				030826731E2F446100434861 /* cross.png in Resources */,
				030826721E2F446100434861 /* board.png in Resources */,
				030826741E2F446100434861 /* nought.png in Resources */,
				030826681E2F43FF00434861 /* LaunchScreen.storyboard in Resources */,
				030826651E2F43FF00434861 /* Assets.xcassets in Resources */,
				030826631E2F43FF00434861 /* Main.storyboard in Resources */,
			);
			runOnlyForDeploymentPostprocessing = 0;
		};
/* End PBXResourcesBuildPhase section */

/* Begin PBXSourcesBuildPhase section */
		030826561E2F43FE00434861 /* Sources */ = {
			isa = PBXSourcesBuildPhase;
			buildActionMask = 2147483647;
			files = (
				030826601E2F43FF00434861 /* ViewController.swift in Sources */,
				0308265E1E2F43FF00434861 /* AppDelegate.swift in Sources */,
			);
			runOnlyForDeploymentPostprocessing = 0;
		};
/* End PBXSourcesBuildPhase section */

/* Begin PBXVariantGroup section */
		030826611E2F43FF00434861 /* Main.storyboard */ = {
			isa = PBXVariantGroup;
			children = (
				030826621E2F43FF00434861 /* Base */,
			);
			name = Main.storyboard;
			sourceTree = "<group>";
		};
		030826661E2F43FF00434861 /* LaunchScreen.storyboard */ = {
			isa = PBXVariantGroup;
			children = (
				030826671E2F43FF00434861 /* Base */,
			);
			name = LaunchScreen.storyboard;
			sourceTree = "<group>";
		};
/* End PBXVariantGroup section */

/* Begin XCBuildConfiguration section */
		0308266A1E2F43FF00434861 /* Debug */ = {
			isa = XCBuildConfiguration;
			buildSettings = {
				ALWAYS_SEARCH_USER_PATHS = NO;
				CLANG_ANALYZER_NONNULL = YES;
				CLANG_CXX_LANGUAGE_STANDARD = "gnu++0x";
				CLANG_CXX_LIBRARY = "libc++";
				CLANG_ENABLE_MODULES = YES;
				CLANG_ENABLE_OBJC_ARC = YES;
				CLANG_WARN_BOOL_CONVERSION = YES;
				CLANG_WARN_CONSTANT_CONVERSION = YES;
				CLANG_WARN_DIRECT_OBJC_ISA_USAGE = YES_ERROR;
				CLANG_WARN_DOCUMENTATION_COMMENTS = YES;
				CLANG_WARN_EMPTY_BODY = YES;
				CLANG_WARN_ENUM_CONVERSION = YES;
				CLANG_WARN_INFINITE_RECURSION = YES;
				CLANG_WARN_INT_CONVERSION = YES;
				CLANG_WARN_OBJC_ROOT_CLASS = YES_ERROR;
				CLANG_WARN_SUSPICIOUS_MOVE = YES;
				CLANG_WARN_UNREACHABLE_CODE = YES;
				CLANG_WARN__DUPLICATE_METHOD_MATCH = YES;
				"CODE_SIGN_IDENTITY[sdk=iphoneos*]" = "iPhone Developer";
				COPY_PHASE_STRIP = NO;
				DEBUG_INFORMATION_FORMAT = dwarf;
				ENABLE_STRICT_OBJC_MSGSEND = YES;
				ENABLE_TESTABILITY = YES;
				GCC_C_LANGUAGE_STANDARD = gnu99;
				GCC_DYNAMIC_NO_PIC = NO;
				GCC_NO_COMMON_BLOCKS = YES;
				GCC_OPTIMIZATION_LEVEL = 0;
				GCC_PREPROCESSOR_DEFINITIONS = (
					"DEBUG=1",
					"$(inherited)",
				);
				GCC_WARN_64_TO_32_BIT_CONVERSION = YES;
				GCC_WARN_ABOUT_RETURN_TYPE = YES_ERROR;
				GCC_WARN_UNDECLARED_SELECTOR = YES;
				GCC_WARN_UNINITIALIZED_AUTOS = YES_AGGRESSIVE;
				GCC_WARN_UNUSED_FUNCTION = YES;
				GCC_WARN_UNUSED_VARIABLE = YES;
				IPHONEOS_DEPLOYMENT_TARGET = 10.2;
				MTL_ENABLE_DEBUG_INFO = YES;
				ONLY_ACTIVE_ARCH = YES;
				SDKROOT = iphoneos;
				SWIFT_ACTIVE_COMPILATION_CONDITIONS = DEBUG;
				SWIFT_OPTIMIZATION_LEVEL = "-Onone";
			};
			name = Debug;
		};
		0308266B1E2F43FF00434861 /* Release */ = {
			isa = XCBuildConfiguration;
			buildSettings = {
				ALWAYS_SEARCH_USER_PATHS = NO;
				CLANG_ANALYZER_NONNULL = YES;
				CLANG_CXX_LANGUAGE_STANDARD = "gnu++0x";
				CLANG_CXX_LIBRARY = "libc++";
				CLANG_ENABLE_MODULES = YES;
				CLANG_ENABLE_OBJC_ARC = YES;
				CLANG_WARN_BOOL_CONVERSION = YES;
				CLANG_WARN_CONSTANT_CONVERSION = YES;
				CLANG_WARN_DIRECT_OBJC_ISA_USAGE = YES_ERROR;
				CLANG_WARN_DOCUMENTATION_COMMENTS = YES;
				CLANG_WARN_EMPTY_BODY = YES;
				CLANG_WARN_ENUM_CONVERSION = YES;
				CLANG_WARN_INFINITE_RECURSION = YES;
				CLANG_WARN_INT_CONVERSION = YES;
				CLANG_WARN_OBJC_ROOT_CLASS = YES_ERROR;
				CLANG_WARN_SUSPICIOUS_MOVE = YES;
				CLANG_WARN_UNREACHABLE_CODE = YES;
				CLANG_WARN__DUPLICATE_METHOD_MATCH = YES;
				"CODE_SIGN_IDENTITY[sdk=iphoneos*]" = "iPhone Developer";
				COPY_PHASE_STRIP = NO;
				DEBUG_INFORMATION_FORMAT = "dwarf-with-dsym";
				ENABLE_NS_ASSERTIONS = NO;
				ENABLE_STRICT_OBJC_MSGSEND = YES;
				GCC_C_LANGUAGE_STANDARD = gnu99;
				GCC_NO_COMMON_BLOCKS = YES;
				GCC_WARN_64_TO_32_BIT_CONVERSION = YES;
				GCC_WARN_ABOUT_RETURN_TYPE = YES_ERROR;
				GCC_WARN_UNDECLARED_SELECTOR = YES;
				GCC_WARN_UNINITIALIZED_AUTOS = YES_AGGRESSIVE;
				GCC_WARN_UNUSED_FUNCTION = YES;
				GCC_WARN_UNUSED_VARIABLE = YES;
				IPHONEOS_DEPLOYMENT_TARGET = 10.2;
				MTL_ENABLE_DEBUG_INFO = NO;
				SDKROOT = iphoneos;
				SWIFT_OPTIMIZATION_LEVEL = "-Owholemodule";
				VALIDATE_PRODUCT = YES;
			};
			name = Release;
		};
		0308266D1E2F43FF00434861 /* Debug */ = {
			isa = XCBuildConfiguration;
			buildSettings = {
				ASSETCATALOG_COMPILER_APPICON_NAME = AppIcon;
				INFOPLIST_FILE = TicTacToe/Info.plist;
				LD_RUNPATH_SEARCH_PATHS = "$(inherited) @executable_path/Frameworks";
				PRODUCT_BUNDLE_IDENTIFIER = com.vsv.TicTacToe;
				PRODUCT_NAME = "$(TARGET_NAME)";
				SWIFT_VERSION = 3.0;
			};
			name = Debug;
		};
		0308266E1E2F43FF00434861 /* Release */ = {
			isa = XCBuildConfiguration;
			buildSettings = {
				ASSETCATALOG_COMPILER_APPICON_NAME = AppIcon;
				INFOPLIST_FILE = TicTacToe/Info.plist;
				LD_RUNPATH_SEARCH_PATHS = "$(inherited) @executable_path/Frameworks";
				PRODUCT_BUNDLE_IDENTIFIER = com.vsv.TicTacToe;
				PRODUCT_NAME = "$(TARGET_NAME)";
				SWIFT_VERSION = 3.0;
			};
			name = Release;
		};
/* End XCBuildConfiguration section */

/* Begin XCConfigurationList section */
		030826551E2F43FE00434861 /* Build configuration list for PBXProject "TicTacToe" */ = {
			isa = XCConfigurationList;
			buildConfigurations = (
				0308266A1E2F43FF00434861 /* Debug */,
				0308266B1E2F43FF00434861 /* Release */,
			);
			defaultConfigurationIsVisible = 0;
			defaultConfigurationName = Release;
		};
		0308266C1E2F43FF00434861 /* Build configuration list for PBXNativeTarget "TicTacToe" */ = {
			isa = XCConfigurationList;
			buildConfigurations = (
				0308266D1E2F43FF00434861 /* Debug */,
				0308266E1E2F43FF00434861 /* Release */,
			);
			defaultConfigurationIsVisible = 0;
		};
/* End XCConfigurationList section */
	};
	rootObject = 030826521E2F43FE00434861 /* Project object */;
}
